// !$*UTF8*$!
{
	archiveVersion = 1;
	classes = {
	};
	objectVersion = 51;
	objects = {

/* Begin PBXBuildFile section */
		496CE1C326D12FFA004796A8 /* MoviesApp.swift in Sources */ = {isa = PBXBuildFile; fileRef = 496CE1C226D12FFA004796A8 /* MoviesApp.swift */; };
		496CE1C726D12FFD004796A8 /* Assets.xcassets in Resources */ = {isa = PBXBuildFile; fileRef = 496CE1C626D12FFD004796A8 /* Assets.xcassets */; };
		496CE1CA26D12FFD004796A8 /* Preview Assets.xcassets in Resources */ = {isa = PBXBuildFile; fileRef = 496CE1C926D12FFD004796A8 /* Preview Assets.xcassets */; };
		496CE1EB26D1333C004796A8 /* MoviesPerformanceTests.swift in Sources */ = {isa = PBXBuildFile; fileRef = 496CE1EA26D1333C004796A8 /* MoviesPerformanceTests.swift */; };
		496CE1F926D1334A004796A8 /* MoviesAppLaunchPerformance.swift in Sources */ = {isa = PBXBuildFile; fileRef = 496CE1F826D1334A004796A8 /* MoviesAppLaunchPerformance.swift */; };
		496CE20226D1337D004796A8 /* README.md in Resources */ = {isa = PBXBuildFile; fileRef = 496CE20126D1337D004796A8 /* README.md */; };
		496CE21626D138A2004796A8 /* MovieModel.xcdatamodeld in Sources */ = {isa = PBXBuildFile; fileRef = 496CE21426D138A2004796A8 /* MovieModel.xcdatamodeld */; };
		496CE21826D1390E004796A8 /* CoreDataStack.swift in Sources */ = {isa = PBXBuildFile; fileRef = 496CE21726D1390E004796A8 /* CoreDataStack.swift */; };
		496CE21A26D13935004796A8 /* Movie+FetchRequest.swift in Sources */ = {isa = PBXBuildFile; fileRef = 496CE21926D13935004796A8 /* Movie+FetchRequest.swift */; };
		496CE22326D13A62004796A8 /* CoreDataStackTests.swift in Sources */ = {isa = PBXBuildFile; fileRef = 496CE22226D13A62004796A8 /* CoreDataStackTests.swift */; };
		496CE22626D13A7F004796A8 /* MockedPersistentStore.swift in Sources */ = {isa = PBXBuildFile; fileRef = 496CE22526D13A7F004796A8 /* MockedPersistentStore.swift */; };
		496CE22826D13AB5004796A8 /* MockedError.swift in Sources */ = {isa = PBXBuildFile; fileRef = 496CE22726D13AB5004796A8 /* MockedError.swift */; };
		496CE22A26D13AC5004796A8 /* Publisher+Publish.swift in Sources */ = {isa = PBXBuildFile; fileRef = 496CE22926D13AC5004796A8 /* Publisher+Publish.swift */; };
		496CE22C26D13AD7004796A8 /* MockedBindingWithPublisher.swift in Sources */ = {isa = PBXBuildFile; fileRef = 496CE22B26D13AD7004796A8 /* MockedBindingWithPublisher.swift */; };
		496CE22E26D13AE7004796A8 /* Mock.swift in Sources */ = {isa = PBXBuildFile; fileRef = 496CE22D26D13AE7004796A8 /* Mock.swift */; };
		496CE23126D13B9B004796A8 /* SubscribersCompletionError.swift in Sources */ = {isa = PBXBuildFile; fileRef = 496CE23026D13B9B004796A8 /* SubscribersCompletionError.swift */; };
		496CE23326D13BF4004796A8 /* MoviesListWebModel.swift in Sources */ = {isa = PBXBuildFile; fileRef = 496CE23226D13BF4004796A8 /* MoviesListWebModel.swift */; };
		496CE23526D13C16004796A8 /* MovieModel.swift in Sources */ = {isa = PBXBuildFile; fileRef = 496CE23426D13C16004796A8 /* MovieModel.swift */; };
		496CE23826D13C8B004796A8 /* MockedMovie.swift in Sources */ = {isa = PBXBuildFile; fileRef = 496CE23726D13C8B004796A8 /* MockedMovie.swift */; };
		496CE23A26D13CA1004796A8 /* MockedMovie+ImageData.swift in Sources */ = {isa = PBXBuildFile; fileRef = 496CE23926D13CA1004796A8 /* MockedMovie+ImageData.swift */; };
		496CE23C26D13CBB004796A8 /* mock_movies.json in Resources */ = {isa = PBXBuildFile; fileRef = 496CE23B26D13CBB004796A8 /* mock_movies.json */; };
		496CE23E26D13CCD004796A8 /* test_image.jpg in Resources */ = {isa = PBXBuildFile; fileRef = 496CE23D26D13CCC004796A8 /* test_image.jpg */; };
		496CE24226D13D90004796A8 /* Constants.swift in Sources */ = {isa = PBXBuildFile; fileRef = 496CE24126D13D90004796A8 /* Constants.swift */; };
		496CE24626D13E12004796A8 /* ConstantsTests.swift in Sources */ = {isa = PBXBuildFile; fileRef = 496CE24526D13E12004796A8 /* ConstantsTests.swift */; };
		496CE24926D13E3A004796A8 /* MoviesDBRepository.swift in Sources */ = {isa = PBXBuildFile; fileRef = 496CE24826D13E3A004796A8 /* MoviesDBRepository.swift */; };
		496CE24B26D13E6C004796A8 /* MoviesDBRepositoryTests.swift in Sources */ = {isa = PBXBuildFile; fileRef = 496CE24A26D13E6C004796A8 /* MoviesDBRepositoryTests.swift */; };
		4D6E9E352606374DC2B1892E /* Pods_MoviesApp.framework in Frameworks */ = {isa = PBXBuildFile; fileRef = 62D2B0E2571F2CC9A67E2822 /* Pods_MoviesApp.framework */; };
		501E967A6A0C4E62F943FCBE /* Pods_MoviesAppTests.framework in Frameworks */ = {isa = PBXBuildFile; fileRef = EE2D3F5124534823F13D06BE /* Pods_MoviesAppTests.framework */; };
		969DABD9A3B79479991356AA /* Pods_MoviesAppPerformanceTests.framework in Frameworks */ = {isa = PBXBuildFile; fileRef = 9332349D77C2D76271D31A24 /* Pods_MoviesAppPerformanceTests.framework */; };
		CEB9FFFFFFC66EFD06CE5C03 /* Pods_MoviesApp_MoviesAppUITests.framework in Frameworks */ = {isa = PBXBuildFile; fileRef = C104C1DB761013F113FD3C49 /* Pods_MoviesApp_MoviesAppUITests.framework */; };
/* End PBXBuildFile section */

/* Begin PBXContainerItemProxy section */
		496CE1DF26D1332B004796A8 /* PBXContainerItemProxy */ = {
			isa = PBXContainerItemProxy;
			containerPortal = 496CE1B726D12FFA004796A8 /* Project object */;
			proxyType = 1;
			remoteGlobalIDString = 496CE1BE26D12FFA004796A8;
			remoteInfo = MoviesApp;
		};
		496CE1ED26D1333C004796A8 /* PBXContainerItemProxy */ = {
			isa = PBXContainerItemProxy;
			containerPortal = 496CE1B726D12FFA004796A8 /* Project object */;
			proxyType = 1;
			remoteGlobalIDString = 496CE1BE26D12FFA004796A8;
			remoteInfo = MoviesApp;
		};
		496CE1FB26D1334A004796A8 /* PBXContainerItemProxy */ = {
			isa = PBXContainerItemProxy;
			containerPortal = 496CE1B726D12FFA004796A8 /* Project object */;
			proxyType = 1;
			remoteGlobalIDString = 496CE1BE26D12FFA004796A8;
			remoteInfo = MoviesApp;
		};
/* End PBXContainerItemProxy section */

/* Begin PBXFileReference section */
		068EB78562A6956F2388E844 /* Pods-MoviesApp-MoviesAppUITests.debug.xcconfig */ = {isa = PBXFileReference; includeInIndex = 1; lastKnownFileType = text.xcconfig; name = "Pods-MoviesApp-MoviesAppUITests.debug.xcconfig"; path = "Target Support Files/Pods-MoviesApp-MoviesAppUITests/Pods-MoviesApp-MoviesAppUITests.debug.xcconfig"; sourceTree = "<group>"; };
		3BB419CE69236783FC2334DC /* Pods-MoviesApp-MoviesAppUITests.release.xcconfig */ = {isa = PBXFileReference; includeInIndex = 1; lastKnownFileType = text.xcconfig; name = "Pods-MoviesApp-MoviesAppUITests.release.xcconfig"; path = "Target Support Files/Pods-MoviesApp-MoviesAppUITests/Pods-MoviesApp-MoviesAppUITests.release.xcconfig"; sourceTree = "<group>"; };
		496CE1BF26D12FFA004796A8 /* MoviesApp.app */ = {isa = PBXFileReference; explicitFileType = wrapper.application; includeInIndex = 0; path = MoviesApp.app; sourceTree = BUILT_PRODUCTS_DIR; };
		496CE1C226D12FFA004796A8 /* MoviesApp.swift */ = {isa = PBXFileReference; lastKnownFileType = sourcecode.swift; path = MoviesApp.swift; sourceTree = "<group>"; };
		496CE1C626D12FFD004796A8 /* Assets.xcassets */ = {isa = PBXFileReference; lastKnownFileType = folder.assetcatalog; path = Assets.xcassets; sourceTree = "<group>"; };
		496CE1C926D12FFD004796A8 /* Preview Assets.xcassets */ = {isa = PBXFileReference; lastKnownFileType = folder.assetcatalog; path = "Preview Assets.xcassets"; sourceTree = "<group>"; };
		496CE1CB26D12FFD004796A8 /* Info.plist */ = {isa = PBXFileReference; lastKnownFileType = text.plist.xml; path = Info.plist; sourceTree = "<group>"; };
		496CE1DA26D1332B004796A8 /* MoviesAppTests.xctest */ = {isa = PBXFileReference; explicitFileType = wrapper.cfbundle; includeInIndex = 0; path = MoviesAppTests.xctest; sourceTree = BUILT_PRODUCTS_DIR; };
		496CE1DE26D1332B004796A8 /* Info.plist */ = {isa = PBXFileReference; lastKnownFileType = text.plist.xml; path = Info.plist; sourceTree = "<group>"; };
		496CE1E826D1333C004796A8 /* MoviesAppPerformanceTests.xctest */ = {isa = PBXFileReference; explicitFileType = wrapper.cfbundle; includeInIndex = 0; path = MoviesAppPerformanceTests.xctest; sourceTree = BUILT_PRODUCTS_DIR; };
		496CE1EA26D1333C004796A8 /* MoviesPerformanceTests.swift */ = {isa = PBXFileReference; lastKnownFileType = sourcecode.swift; path = MoviesPerformanceTests.swift; sourceTree = "<group>"; };
		496CE1EC26D1333C004796A8 /* Info.plist */ = {isa = PBXFileReference; lastKnownFileType = text.plist.xml; path = Info.plist; sourceTree = "<group>"; };
		496CE1F626D1334A004796A8 /* MoviesAppUITests.xctest */ = {isa = PBXFileReference; explicitFileType = wrapper.cfbundle; includeInIndex = 0; path = MoviesAppUITests.xctest; sourceTree = BUILT_PRODUCTS_DIR; };
		496CE1F826D1334A004796A8 /* MoviesAppLaunchPerformance.swift */ = {isa = PBXFileReference; lastKnownFileType = sourcecode.swift; path = MoviesAppLaunchPerformance.swift; sourceTree = "<group>"; };
		496CE1FA26D1334A004796A8 /* Info.plist */ = {isa = PBXFileReference; lastKnownFileType = text.plist.xml; path = Info.plist; sourceTree = "<group>"; };
		496CE20126D1337D004796A8 /* README.md */ = {isa = PBXFileReference; lastKnownFileType = net.daringfireball.markdown; path = README.md; sourceTree = "<group>"; };
		496CE21526D138A2004796A8 /* MovieModel.xcdatamodel */ = {isa = PBXFileReference; lastKnownFileType = wrapper.xcdatamodel; path = MovieModel.xcdatamodel; sourceTree = "<group>"; };
		496CE21726D1390E004796A8 /* CoreDataStack.swift */ = {isa = PBXFileReference; lastKnownFileType = sourcecode.swift; path = CoreDataStack.swift; sourceTree = "<group>"; };
		496CE21926D13935004796A8 /* Movie+FetchRequest.swift */ = {isa = PBXFileReference; lastKnownFileType = sourcecode.swift; path = "Movie+FetchRequest.swift"; sourceTree = "<group>"; };
		496CE22226D13A62004796A8 /* CoreDataStackTests.swift */ = {isa = PBXFileReference; lastKnownFileType = sourcecode.swift; path = CoreDataStackTests.swift; sourceTree = "<group>"; };
		496CE22526D13A7F004796A8 /* MockedPersistentStore.swift */ = {isa = PBXFileReference; lastKnownFileType = sourcecode.swift; path = MockedPersistentStore.swift; sourceTree = "<group>"; };
		496CE22726D13AB5004796A8 /* MockedError.swift */ = {isa = PBXFileReference; lastKnownFileType = sourcecode.swift; path = MockedError.swift; sourceTree = "<group>"; };
		496CE22926D13AC5004796A8 /* Publisher+Publish.swift */ = {isa = PBXFileReference; lastKnownFileType = sourcecode.swift; path = "Publisher+Publish.swift"; sourceTree = "<group>"; };
		496CE22B26D13AD7004796A8 /* MockedBindingWithPublisher.swift */ = {isa = PBXFileReference; lastKnownFileType = sourcecode.swift; path = MockedBindingWithPublisher.swift; sourceTree = "<group>"; };
		496CE22D26D13AE7004796A8 /* Mock.swift */ = {isa = PBXFileReference; lastKnownFileType = sourcecode.swift; path = Mock.swift; sourceTree = "<group>"; };
		496CE23026D13B9B004796A8 /* SubscribersCompletionError.swift */ = {isa = PBXFileReference; lastKnownFileType = sourcecode.swift; path = SubscribersCompletionError.swift; sourceTree = "<group>"; };
		496CE23226D13BF4004796A8 /* MoviesListWebModel.swift */ = {isa = PBXFileReference; lastKnownFileType = sourcecode.swift; path = MoviesListWebModel.swift; sourceTree = "<group>"; };
		496CE23426D13C16004796A8 /* MovieModel.swift */ = {isa = PBXFileReference; lastKnownFileType = sourcecode.swift; path = MovieModel.swift; sourceTree = "<group>"; };
		496CE23726D13C8B004796A8 /* MockedMovie.swift */ = {isa = PBXFileReference; lastKnownFileType = sourcecode.swift; path = MockedMovie.swift; sourceTree = "<group>"; };
		496CE23926D13CA1004796A8 /* MockedMovie+ImageData.swift */ = {isa = PBXFileReference; lastKnownFileType = sourcecode.swift; path = "MockedMovie+ImageData.swift"; sourceTree = "<group>"; };
		496CE23B26D13CBB004796A8 /* mock_movies.json */ = {isa = PBXFileReference; lastKnownFileType = text.json; path = mock_movies.json; sourceTree = "<group>"; };
		496CE23D26D13CCC004796A8 /* test_image.jpg */ = {isa = PBXFileReference; lastKnownFileType = image.jpeg; path = test_image.jpg; sourceTree = "<group>"; };
		496CE24126D13D90004796A8 /* Constants.swift */ = {isa = PBXFileReference; lastKnownFileType = sourcecode.swift; path = Constants.swift; sourceTree = "<group>"; };
		496CE24526D13E12004796A8 /* ConstantsTests.swift */ = {isa = PBXFileReference; lastKnownFileType = sourcecode.swift; path = ConstantsTests.swift; sourceTree = "<group>"; };
		496CE24826D13E3A004796A8 /* MoviesDBRepository.swift */ = {isa = PBXFileReference; lastKnownFileType = sourcecode.swift; path = MoviesDBRepository.swift; sourceTree = "<group>"; };
		496CE24A26D13E6C004796A8 /* MoviesDBRepositoryTests.swift */ = {isa = PBXFileReference; lastKnownFileType = sourcecode.swift; path = MoviesDBRepositoryTests.swift; sourceTree = "<group>"; };
		62D2B0E2571F2CC9A67E2822 /* Pods_MoviesApp.framework */ = {isa = PBXFileReference; explicitFileType = wrapper.framework; includeInIndex = 0; path = Pods_MoviesApp.framework; sourceTree = BUILT_PRODUCTS_DIR; };
		73BA0B6D11C6B5525E7476D7 /* Pods-MoviesAppTests.release.xcconfig */ = {isa = PBXFileReference; includeInIndex = 1; lastKnownFileType = text.xcconfig; name = "Pods-MoviesAppTests.release.xcconfig"; path = "Target Support Files/Pods-MoviesAppTests/Pods-MoviesAppTests.release.xcconfig"; sourceTree = "<group>"; };
		77CCFBF6817279146A3BDA25 /* Pods-MoviesAppTests.debug.xcconfig */ = {isa = PBXFileReference; includeInIndex = 1; lastKnownFileType = text.xcconfig; name = "Pods-MoviesAppTests.debug.xcconfig"; path = "Target Support Files/Pods-MoviesAppTests/Pods-MoviesAppTests.debug.xcconfig"; sourceTree = "<group>"; };
		82D8241246BEA284B431CFAB /* Pods-MoviesApp.debug.xcconfig */ = {isa = PBXFileReference; includeInIndex = 1; lastKnownFileType = text.xcconfig; name = "Pods-MoviesApp.debug.xcconfig"; path = "Target Support Files/Pods-MoviesApp/Pods-MoviesApp.debug.xcconfig"; sourceTree = "<group>"; };
		9332349D77C2D76271D31A24 /* Pods_MoviesAppPerformanceTests.framework */ = {isa = PBXFileReference; explicitFileType = wrapper.framework; includeInIndex = 0; path = Pods_MoviesAppPerformanceTests.framework; sourceTree = BUILT_PRODUCTS_DIR; };
		B0E97A0C65EFD28FD130D656 /* Pods-MoviesAppPerformanceTests.debug.xcconfig */ = {isa = PBXFileReference; includeInIndex = 1; lastKnownFileType = text.xcconfig; name = "Pods-MoviesAppPerformanceTests.debug.xcconfig"; path = "Target Support Files/Pods-MoviesAppPerformanceTests/Pods-MoviesAppPerformanceTests.debug.xcconfig"; sourceTree = "<group>"; };
		BAAFAF0C648BDDF56FAB9A17 /* Pods-MoviesAppPerformanceTests.release.xcconfig */ = {isa = PBXFileReference; includeInIndex = 1; lastKnownFileType = text.xcconfig; name = "Pods-MoviesAppPerformanceTests.release.xcconfig"; path = "Target Support Files/Pods-MoviesAppPerformanceTests/Pods-MoviesAppPerformanceTests.release.xcconfig"; sourceTree = "<group>"; };
		C104C1DB761013F113FD3C49 /* Pods_MoviesApp_MoviesAppUITests.framework */ = {isa = PBXFileReference; explicitFileType = wrapper.framework; includeInIndex = 0; path = Pods_MoviesApp_MoviesAppUITests.framework; sourceTree = BUILT_PRODUCTS_DIR; };
		DE0AA29C89B58676188C265B /* Pods-MoviesApp.release.xcconfig */ = {isa = PBXFileReference; includeInIndex = 1; lastKnownFileType = text.xcconfig; name = "Pods-MoviesApp.release.xcconfig"; path = "Target Support Files/Pods-MoviesApp/Pods-MoviesApp.release.xcconfig"; sourceTree = "<group>"; };
		EE2D3F5124534823F13D06BE /* Pods_MoviesAppTests.framework */ = {isa = PBXFileReference; explicitFileType = wrapper.framework; includeInIndex = 0; path = Pods_MoviesAppTests.framework; sourceTree = BUILT_PRODUCTS_DIR; };
/* End PBXFileReference section */

/* Begin PBXFrameworksBuildPhase section */
		496CE1BC26D12FFA004796A8 /* Frameworks */ = {
			isa = PBXFrameworksBuildPhase;
			buildActionMask = 2147483647;
			files = (
				4D6E9E352606374DC2B1892E /* Pods_MoviesApp.framework in Frameworks */,
			);
			runOnlyForDeploymentPostprocessing = 0;
		};
		496CE1D726D1332B004796A8 /* Frameworks */ = {
			isa = PBXFrameworksBuildPhase;
			buildActionMask = 2147483647;
			files = (
				501E967A6A0C4E62F943FCBE /* Pods_MoviesAppTests.framework in Frameworks */,
			);
			runOnlyForDeploymentPostprocessing = 0;
		};
		496CE1E526D1333C004796A8 /* Frameworks */ = {
			isa = PBXFrameworksBuildPhase;
			buildActionMask = 2147483647;
			files = (
				969DABD9A3B79479991356AA /* Pods_MoviesAppPerformanceTests.framework in Frameworks */,
			);
			runOnlyForDeploymentPostprocessing = 0;
		};
		496CE1F326D1334A004796A8 /* Frameworks */ = {
			isa = PBXFrameworksBuildPhase;
			buildActionMask = 2147483647;
			files = (
				CEB9FFFFFFC66EFD06CE5C03 /* Pods_MoviesApp_MoviesAppUITests.framework in Frameworks */,
			);
			runOnlyForDeploymentPostprocessing = 0;
		};
/* End PBXFrameworksBuildPhase section */

/* Begin PBXGroup section */
		37D7A5733EF3FE7EE0001D09 /* Pods */ = {
			isa = PBXGroup;
			children = (
				82D8241246BEA284B431CFAB /* Pods-MoviesApp.debug.xcconfig */,
				DE0AA29C89B58676188C265B /* Pods-MoviesApp.release.xcconfig */,
				068EB78562A6956F2388E844 /* Pods-MoviesApp-MoviesAppUITests.debug.xcconfig */,
				3BB419CE69236783FC2334DC /* Pods-MoviesApp-MoviesAppUITests.release.xcconfig */,
				B0E97A0C65EFD28FD130D656 /* Pods-MoviesAppPerformanceTests.debug.xcconfig */,
				BAAFAF0C648BDDF56FAB9A17 /* Pods-MoviesAppPerformanceTests.release.xcconfig */,
				77CCFBF6817279146A3BDA25 /* Pods-MoviesAppTests.debug.xcconfig */,
				73BA0B6D11C6B5525E7476D7 /* Pods-MoviesAppTests.release.xcconfig */,
			);
			path = Pods;
			sourceTree = "<group>";
		};
		496CE1B626D12FFA004796A8 = {
			isa = PBXGroup;
			children = (
				496CE20126D1337D004796A8 /* README.md */,
				496CE1C126D12FFA004796A8 /* MoviesApp */,
				496CE1DB26D1332B004796A8 /* MoviesAppTests */,
				496CE1E926D1333C004796A8 /* MoviesAppPerformanceTests */,
				496CE1F726D1334A004796A8 /* MoviesAppUITests */,
				496CE20026D13358004796A8 /* Assets */,
				496CE1C026D12FFA004796A8 /* Products */,
				37D7A5733EF3FE7EE0001D09 /* Pods */,
				8CE17ADC881AB798BBF1DA83 /* Frameworks */,
			);
			sourceTree = "<group>";
		};
		496CE1C026D12FFA004796A8 /* Products */ = {
			isa = PBXGroup;
			children = (
				496CE1BF26D12FFA004796A8 /* MoviesApp.app */,
				496CE1DA26D1332B004796A8 /* MoviesAppTests.xctest */,
				496CE1E826D1333C004796A8 /* MoviesAppPerformanceTests.xctest */,
				496CE1F626D1334A004796A8 /* MoviesAppUITests.xctest */,
			);
			name = Products;
			sourceTree = "<group>";
		};
		496CE1C126D12FFA004796A8 /* MoviesApp */ = {
			isa = PBXGroup;
			children = (
				496CE1D126D13268004796A8 /* System */,
				496CE1D226D13271004796A8 /* Presentation Layer */,
				496CE1D426D13282004796A8 /* Domain Layer */,
				496CE1D326D13278004796A8 /* Data Layer */,
			);
			path = MoviesApp;
			sourceTree = "<group>";
		};
		496CE1C826D12FFD004796A8 /* Preview Content */ = {
			isa = PBXGroup;
			children = (
				496CE1C926D12FFD004796A8 /* Preview Assets.xcassets */,
			);
			path = "Preview Content";
			sourceTree = "<group>";
		};
		496CE1D126D13268004796A8 /* System */ = {
			isa = PBXGroup;
			children = (
				496CE1C226D12FFA004796A8 /* MoviesApp.swift */,
				496CE22F26D13B8A004796A8 /* Utilities */,
				496CE1D526D132AE004796A8 /* Resources */,
			);
			path = System;
			sourceTree = "<group>";
		};
		496CE1D226D13271004796A8 /* Presentation Layer */ = {
			isa = PBXGroup;
			children = (
			);
			path = "Presentation Layer";
			sourceTree = "<group>";
		};
		496CE1D326D13278004796A8 /* Data Layer */ = {
			isa = PBXGroup;
			children = (
				496CE23F26D13D79004796A8 /* Web Repository */,
				496CE21026D13868004796A8 /* DB Repository */,
			);
			path = "Data Layer";
			sourceTree = "<group>";
		};
		496CE1D426D13282004796A8 /* Domain Layer */ = {
			isa = PBXGroup;
			children = (
				496CE23626D13C33004796A8 /* Models */,
			);
			path = "Domain Layer";
			sourceTree = "<group>";
		};
		496CE1D526D132AE004796A8 /* Resources */ = {
			isa = PBXGroup;
			children = (
				496CE1C626D12FFD004796A8 /* Assets.xcassets */,
				496CE1CB26D12FFD004796A8 /* Info.plist */,
				496CE1C826D12FFD004796A8 /* Preview Content */,
			);
			path = Resources;
			sourceTree = "<group>";
		};
		496CE1DB26D1332B004796A8 /* MoviesAppTests */ = {
			isa = PBXGroup;
			children = (
				496CE20B26D1341E004796A8 /* Presentation Layer */,
				496CE20A26D13417004796A8 /* Domain Layer */,
				496CE20926D13411004796A8 /* Data Layer */,
				496CE20826D1340B004796A8 /* Models */,
				496CE20726D13404004796A8 /* Mocks */,
				496CE1DE26D1332B004796A8 /* Info.plist */,
			);
			path = MoviesAppTests;
			sourceTree = "<group>";
		};
		496CE1E926D1333C004796A8 /* MoviesAppPerformanceTests */ = {
			isa = PBXGroup;
			children = (
				496CE20626D133FA004796A8 /* System */,
				496CE20526D133F3004796A8 /* Data Layer */,
				496CE1EA26D1333C004796A8 /* MoviesPerformanceTests.swift */,
				496CE1EC26D1333C004796A8 /* Info.plist */,
			);
			path = MoviesAppPerformanceTests;
			sourceTree = "<group>";
		};
		496CE1F726D1334A004796A8 /* MoviesAppUITests */ = {
			isa = PBXGroup;
			children = (
				496CE20326D13395004796A8 /* Presentation Layer */,
				496CE20426D1339F004796A8 /* Performance */,
				496CE1FA26D1334A004796A8 /* Info.plist */,
			);
			path = MoviesAppUITests;
			sourceTree = "<group>";
		};
		496CE20026D13358004796A8 /* Assets */ = {
			isa = PBXGroup;
			children = (
			);
			path = Assets;
			sourceTree = "<group>";
		};
		496CE20326D13395004796A8 /* Presentation Layer */ = {
			isa = PBXGroup;
			children = (
			);
			path = "Presentation Layer";
			sourceTree = "<group>";
		};
		496CE20426D1339F004796A8 /* Performance */ = {
			isa = PBXGroup;
			children = (
				496CE1F826D1334A004796A8 /* MoviesAppLaunchPerformance.swift */,
			);
			path = Performance;
			sourceTree = "<group>";
		};
		496CE20526D133F3004796A8 /* Data Layer */ = {
			isa = PBXGroup;
			children = (
			);
			path = "Data Layer";
			sourceTree = "<group>";
		};
		496CE20626D133FA004796A8 /* System */ = {
			isa = PBXGroup;
			children = (
			);
			path = System;
			sourceTree = "<group>";
		};
		496CE20726D13404004796A8 /* Mocks */ = {
			isa = PBXGroup;
			children = (
				496CE22D26D13AE7004796A8 /* Mock.swift */,
				496CE22B26D13AD7004796A8 /* MockedBindingWithPublisher.swift */,
				496CE22926D13AC5004796A8 /* Publisher+Publish.swift */,
				496CE22726D13AB5004796A8 /* MockedError.swift */,
			);
			path = Mocks;
			sourceTree = "<group>";
		};
		496CE20826D1340B004796A8 /* Models */ = {
			isa = PBXGroup;
			children = (
				496CE23726D13C8B004796A8 /* MockedMovie.swift */,
				496CE23926D13CA1004796A8 /* MockedMovie+ImageData.swift */,
				496CE23B26D13CBB004796A8 /* mock_movies.json */,
				496CE23D26D13CCC004796A8 /* test_image.jpg */,
			);
			path = Models;
			sourceTree = "<group>";
		};
		496CE20926D13411004796A8 /* Data Layer */ = {
			isa = PBXGroup;
			children = (
				496CE21F26D13A34004796A8 /* Repositories */,
			);
			path = "Data Layer";
			sourceTree = "<group>";
		};
		496CE20A26D13417004796A8 /* Domain Layer */ = {
			isa = PBXGroup;
			children = (
			);
			path = "Domain Layer";
			sourceTree = "<group>";
		};
		496CE20B26D1341E004796A8 /* Presentation Layer */ = {
			isa = PBXGroup;
			children = (
			);
			path = "Presentation Layer";
			sourceTree = "<group>";
		};
		496CE21026D13868004796A8 /* DB Repository */ = {
			isa = PBXGroup;
			children = (
				496CE24826D13E3A004796A8 /* MoviesDBRepository.swift */,
				496CE21226D1387C004796A8 /* PersistentStore */,
				496CE21326D13889004796A8 /* Models */,
			);
			path = "DB Repository";
			sourceTree = "<group>";
		};
		496CE21226D1387C004796A8 /* PersistentStore */ = {
			isa = PBXGroup;
			children = (
				496CE21726D1390E004796A8 /* CoreDataStack.swift */,
				496CE21426D138A2004796A8 /* MovieModel.xcdatamodeld */,
			);
			path = PersistentStore;
			sourceTree = "<group>";
		};
		496CE21326D13889004796A8 /* Models */ = {
			isa = PBXGroup;
			children = (
				496CE21926D13935004796A8 /* Movie+FetchRequest.swift */,
			);
			path = Models;
			sourceTree = "<group>";
		};
		496CE21F26D13A34004796A8 /* Repositories */ = {
			isa = PBXGroup;
			children = (
				496CE24326D13DF6004796A8 /* Web Repository */,
				496CE22026D13A3E004796A8 /* DB Repository */,
			);
			path = Repositories;
			sourceTree = "<group>";
		};
		496CE22026D13A3E004796A8 /* DB Repository */ = {
			isa = PBXGroup;
			children = (
				496CE24A26D13E6C004796A8 /* MoviesDBRepositoryTests.swift */,
				496CE22126D13A4E004796A8 /* PersistentStore */,
			);
			path = "DB Repository";
			sourceTree = "<group>";
		};
		496CE22126D13A4E004796A8 /* PersistentStore */ = {
			isa = PBXGroup;
			children = (
				496CE22226D13A62004796A8 /* CoreDataStackTests.swift */,
				496CE22526D13A7F004796A8 /* MockedPersistentStore.swift */,
			);
			path = PersistentStore;
			sourceTree = "<group>";
		};
		496CE22F26D13B8A004796A8 /* Utilities */ = {
			isa = PBXGroup;
			children = (
				496CE23026D13B9B004796A8 /* SubscribersCompletionError.swift */,
			);
			path = Utilities;
			sourceTree = "<group>";
		};
		496CE23626D13C33004796A8 /* Models */ = {
			isa = PBXGroup;
			children = (
				496CE23426D13C16004796A8 /* MovieModel.swift */,
				496CE23226D13BF4004796A8 /* MoviesListWebModel.swift */,
			);
			path = Models;
			sourceTree = "<group>";
		};
		496CE23F26D13D79004796A8 /* Web Repository */ = {
			isa = PBXGroup;
			children = (
				496CE24026D13D7C004796A8 /* Utilities */,
			);
			path = "Web Repository";
			sourceTree = "<group>";
		};
		496CE24026D13D7C004796A8 /* Utilities */ = {
			isa = PBXGroup;
			children = (
				496CE24126D13D90004796A8 /* Constants.swift */,
			);
			path = Utilities;
			sourceTree = "<group>";
		};
		496CE24326D13DF6004796A8 /* Web Repository */ = {
			isa = PBXGroup;
			children = (
				496CE24426D13E05004796A8 /* Utilities */,
			);
			path = "Web Repository";
			sourceTree = "<group>";
		};
		496CE24426D13E05004796A8 /* Utilities */ = {
			isa = PBXGroup;
			children = (
				496CE24526D13E12004796A8 /* ConstantsTests.swift */,
			);
			path = Utilities;
			sourceTree = "<group>";
		};
		8CE17ADC881AB798BBF1DA83 /* Frameworks */ = {
			isa = PBXGroup;
			children = (
				62D2B0E2571F2CC9A67E2822 /* Pods_MoviesApp.framework */,
				C104C1DB761013F113FD3C49 /* Pods_MoviesApp_MoviesAppUITests.framework */,
				9332349D77C2D76271D31A24 /* Pods_MoviesAppPerformanceTests.framework */,
				EE2D3F5124534823F13D06BE /* Pods_MoviesAppTests.framework */,
			);
			name = Frameworks;
			sourceTree = "<group>";
		};
/* End PBXGroup section */

/* Begin PBXNativeTarget section */
		496CE1BE26D12FFA004796A8 /* MoviesApp */ = {
			isa = PBXNativeTarget;
			buildConfigurationList = 496CE1CE26D12FFD004796A8 /* Build configuration list for PBXNativeTarget "MoviesApp" */;
			buildPhases = (
				BAD709A0743FA5C2E4D44A27 /* [CP] Check Pods Manifest.lock */,
				496CE1BB26D12FFA004796A8 /* Sources */,
				496CE1BC26D12FFA004796A8 /* Frameworks */,
				496CE1BD26D12FFA004796A8 /* Resources */,
				63B606419DF89CC9D0730F13 /* [CP] Embed Pods Frameworks */,
			);
			buildRules = (
			);
			dependencies = (
			);
			name = MoviesApp;
			productName = MoviesApp;
			productReference = 496CE1BF26D12FFA004796A8 /* MoviesApp.app */;
			productType = "com.apple.product-type.application";
		};
		496CE1D926D1332B004796A8 /* MoviesAppTests */ = {
			isa = PBXNativeTarget;
			buildConfigurationList = 496CE1E126D1332B004796A8 /* Build configuration list for PBXNativeTarget "MoviesAppTests" */;
			buildPhases = (
				4CA26AF3BE28FB40AC94FD0B /* [CP] Check Pods Manifest.lock */,
				496CE1D626D1332B004796A8 /* Sources */,
				496CE1D726D1332B004796A8 /* Frameworks */,
				496CE1D826D1332B004796A8 /* Resources */,
			);
			buildRules = (
			);
			dependencies = (
				496CE1E026D1332B004796A8 /* PBXTargetDependency */,
			);
			name = MoviesAppTests;
			productName = MoviesAppTests;
			productReference = 496CE1DA26D1332B004796A8 /* MoviesAppTests.xctest */;
			productType = "com.apple.product-type.bundle.unit-test";
		};
		496CE1E726D1333C004796A8 /* MoviesAppPerformanceTests */ = {
			isa = PBXNativeTarget;
			buildConfigurationList = 496CE1EF26D1333C004796A8 /* Build configuration list for PBXNativeTarget "MoviesAppPerformanceTests" */;
			buildPhases = (
				47163F8239680490447F715E /* [CP] Check Pods Manifest.lock */,
				496CE1E426D1333C004796A8 /* Sources */,
				496CE1E526D1333C004796A8 /* Frameworks */,
				496CE1E626D1333C004796A8 /* Resources */,
			);
			buildRules = (
			);
			dependencies = (
				496CE1EE26D1333C004796A8 /* PBXTargetDependency */,
			);
			name = MoviesAppPerformanceTests;
			productName = MoviesPerformanceTests;
			productReference = 496CE1E826D1333C004796A8 /* MoviesAppPerformanceTests.xctest */;
			productType = "com.apple.product-type.bundle.unit-test";
		};
		496CE1F526D1334A004796A8 /* MoviesAppUITests */ = {
			isa = PBXNativeTarget;
			buildConfigurationList = 496CE1FD26D1334A004796A8 /* Build configuration list for PBXNativeTarget "MoviesAppUITests" */;
			buildPhases = (
				1D5E18F24EF2D2A064BA8383 /* [CP] Check Pods Manifest.lock */,
				496CE1F226D1334A004796A8 /* Sources */,
				496CE1F326D1334A004796A8 /* Frameworks */,
				496CE1F426D1334A004796A8 /* Resources */,
				E47AD12A1E2B6480CF89FBE3 /* [CP] Embed Pods Frameworks */,
			);
			buildRules = (
			);
			dependencies = (
				496CE1FC26D1334A004796A8 /* PBXTargetDependency */,
			);
			name = MoviesAppUITests;
			productName = MoviesUITests;
			productReference = 496CE1F626D1334A004796A8 /* MoviesAppUITests.xctest */;
			productType = "com.apple.product-type.bundle.ui-testing";
		};
/* End PBXNativeTarget section */

/* Begin PBXProject section */
		496CE1B726D12FFA004796A8 /* Project object */ = {
			isa = PBXProject;
			attributes = {
				LastSwiftUpdateCheck = 1250;
				LastUpgradeCheck = 1250;
				TargetAttributes = {
					496CE1BE26D12FFA004796A8 = {
						CreatedOnToolsVersion = 12.5.1;
					};
					496CE1D926D1332B004796A8 = {
						CreatedOnToolsVersion = 12.5.1;
						TestTargetID = 496CE1BE26D12FFA004796A8;
					};
					496CE1E726D1333C004796A8 = {
						CreatedOnToolsVersion = 12.5.1;
						TestTargetID = 496CE1BE26D12FFA004796A8;
					};
					496CE1F526D1334A004796A8 = {
						CreatedOnToolsVersion = 12.5.1;
						TestTargetID = 496CE1BE26D12FFA004796A8;
					};
				};
			};
			buildConfigurationList = 496CE1BA26D12FFA004796A8 /* Build configuration list for PBXProject "MoviesApp" */;
			compatibilityVersion = "Xcode 9.3";
			developmentRegion = en;
			hasScannedForEncodings = 0;
			knownRegions = (
				en,
				Base,
			);
			mainGroup = 496CE1B626D12FFA004796A8;
			productRefGroup = 496CE1C026D12FFA004796A8 /* Products */;
			projectDirPath = "";
			projectRoot = "";
			targets = (
				496CE1BE26D12FFA004796A8 /* MoviesApp */,
				496CE1D926D1332B004796A8 /* MoviesAppTests */,
				496CE1E726D1333C004796A8 /* MoviesAppPerformanceTests */,
				496CE1F526D1334A004796A8 /* MoviesAppUITests */,
			);
		};
/* End PBXProject section */

/* Begin PBXResourcesBuildPhase section */
		496CE1BD26D12FFA004796A8 /* Resources */ = {
			isa = PBXResourcesBuildPhase;
			buildActionMask = 2147483647;
			files = (
				496CE20226D1337D004796A8 /* README.md in Resources */,
				496CE1CA26D12FFD004796A8 /* Preview Assets.xcassets in Resources */,
				496CE1C726D12FFD004796A8 /* Assets.xcassets in Resources */,
			);
			runOnlyForDeploymentPostprocessing = 0;
		};
		496CE1D826D1332B004796A8 /* Resources */ = {
			isa = PBXResourcesBuildPhase;
			buildActionMask = 2147483647;
			files = (
				496CE23C26D13CBB004796A8 /* mock_movies.json in Resources */,
				496CE23E26D13CCD004796A8 /* test_image.jpg in Resources */,
			);
			runOnlyForDeploymentPostprocessing = 0;
		};
		496CE1E626D1333C004796A8 /* Resources */ = {
			isa = PBXResourcesBuildPhase;
			buildActionMask = 2147483647;
			files = (
			);
			runOnlyForDeploymentPostprocessing = 0;
		};
		496CE1F426D1334A004796A8 /* Resources */ = {
			isa = PBXResourcesBuildPhase;
			buildActionMask = 2147483647;
			files = (
			);
			runOnlyForDeploymentPostprocessing = 0;
		};
/* End PBXResourcesBuildPhase section */

/* Begin PBXShellScriptBuildPhase section */
		1D5E18F24EF2D2A064BA8383 /* [CP] Check Pods Manifest.lock */ = {
			isa = PBXShellScriptBuildPhase;
			buildActionMask = 2147483647;
			files = (
			);
			inputFileListPaths = (
			);
			inputPaths = (
				"${PODS_PODFILE_DIR_PATH}/Podfile.lock",
				"${PODS_ROOT}/Manifest.lock",
			);
			name = "[CP] Check Pods Manifest.lock";
			outputFileListPaths = (
			);
			outputPaths = (
				"$(DERIVED_FILE_DIR)/Pods-MoviesApp-MoviesAppUITests-checkManifestLockResult.txt",
			);
			runOnlyForDeploymentPostprocessing = 0;
			shellPath = /bin/sh;
			shellScript = "diff \"${PODS_PODFILE_DIR_PATH}/Podfile.lock\" \"${PODS_ROOT}/Manifest.lock\" > /dev/null\nif [ $? != 0 ] ; then\n    # print error to STDERR\n    echo \"error: The sandbox is not in sync with the Podfile.lock. Run 'pod install' or update your CocoaPods installation.\" >&2\n    exit 1\nfi\n# This output is used by Xcode 'outputs' to avoid re-running this script phase.\necho \"SUCCESS\" > \"${SCRIPT_OUTPUT_FILE_0}\"\n";
			showEnvVarsInLog = 0;
		};
		47163F8239680490447F715E /* [CP] Check Pods Manifest.lock */ = {
			isa = PBXShellScriptBuildPhase;
			buildActionMask = 2147483647;
			files = (
			);
			inputFileListPaths = (
			);
			inputPaths = (
				"${PODS_PODFILE_DIR_PATH}/Podfile.lock",
				"${PODS_ROOT}/Manifest.lock",
			);
			name = "[CP] Check Pods Manifest.lock";
			outputFileListPaths = (
			);
			outputPaths = (
				"$(DERIVED_FILE_DIR)/Pods-MoviesAppPerformanceTests-checkManifestLockResult.txt",
			);
			runOnlyForDeploymentPostprocessing = 0;
			shellPath = /bin/sh;
			shellScript = "diff \"${PODS_PODFILE_DIR_PATH}/Podfile.lock\" \"${PODS_ROOT}/Manifest.lock\" > /dev/null\nif [ $? != 0 ] ; then\n    # print error to STDERR\n    echo \"error: The sandbox is not in sync with the Podfile.lock. Run 'pod install' or update your CocoaPods installation.\" >&2\n    exit 1\nfi\n# This output is used by Xcode 'outputs' to avoid re-running this script phase.\necho \"SUCCESS\" > \"${SCRIPT_OUTPUT_FILE_0}\"\n";
			showEnvVarsInLog = 0;
		};
		4CA26AF3BE28FB40AC94FD0B /* [CP] Check Pods Manifest.lock */ = {
			isa = PBXShellScriptBuildPhase;
			buildActionMask = 2147483647;
			files = (
			);
			inputFileListPaths = (
			);
			inputPaths = (
				"${PODS_PODFILE_DIR_PATH}/Podfile.lock",
				"${PODS_ROOT}/Manifest.lock",
			);
			name = "[CP] Check Pods Manifest.lock";
			outputFileListPaths = (
			);
			outputPaths = (
				"$(DERIVED_FILE_DIR)/Pods-MoviesAppTests-checkManifestLockResult.txt",
			);
			runOnlyForDeploymentPostprocessing = 0;
			shellPath = /bin/sh;
			shellScript = "diff \"${PODS_PODFILE_DIR_PATH}/Podfile.lock\" \"${PODS_ROOT}/Manifest.lock\" > /dev/null\nif [ $? != 0 ] ; then\n    # print error to STDERR\n    echo \"error: The sandbox is not in sync with the Podfile.lock. Run 'pod install' or update your CocoaPods installation.\" >&2\n    exit 1\nfi\n# This output is used by Xcode 'outputs' to avoid re-running this script phase.\necho \"SUCCESS\" > \"${SCRIPT_OUTPUT_FILE_0}\"\n";
			showEnvVarsInLog = 0;
		};
		63B606419DF89CC9D0730F13 /* [CP] Embed Pods Frameworks */ = {
			isa = PBXShellScriptBuildPhase;
			buildActionMask = 2147483647;
			files = (
			);
			inputFileListPaths = (
				"${PODS_ROOT}/Target Support Files/Pods-MoviesApp/Pods-MoviesApp-frameworks-${CONFIGURATION}-input-files.xcfilelist",
			);
			name = "[CP] Embed Pods Frameworks";
			outputFileListPaths = (
				"${PODS_ROOT}/Target Support Files/Pods-MoviesApp/Pods-MoviesApp-frameworks-${CONFIGURATION}-output-files.xcfilelist",
			);
			runOnlyForDeploymentPostprocessing = 0;
			shellPath = /bin/sh;
			shellScript = "\"${PODS_ROOT}/Target Support Files/Pods-MoviesApp/Pods-MoviesApp-frameworks.sh\"\n";
			showEnvVarsInLog = 0;
		};
		BAD709A0743FA5C2E4D44A27 /* [CP] Check Pods Manifest.lock */ = {
			isa = PBXShellScriptBuildPhase;
			buildActionMask = 2147483647;
			files = (
			);
			inputFileListPaths = (
			);
			inputPaths = (
				"${PODS_PODFILE_DIR_PATH}/Podfile.lock",
				"${PODS_ROOT}/Manifest.lock",
			);
			name = "[CP] Check Pods Manifest.lock";
			outputFileListPaths = (
			);
			outputPaths = (
				"$(DERIVED_FILE_DIR)/Pods-MoviesApp-checkManifestLockResult.txt",
			);
			runOnlyForDeploymentPostprocessing = 0;
			shellPath = /bin/sh;
			shellScript = "diff \"${PODS_PODFILE_DIR_PATH}/Podfile.lock\" \"${PODS_ROOT}/Manifest.lock\" > /dev/null\nif [ $? != 0 ] ; then\n    # print error to STDERR\n    echo \"error: The sandbox is not in sync with the Podfile.lock. Run 'pod install' or update your CocoaPods installation.\" >&2\n    exit 1\nfi\n# This output is used by Xcode 'outputs' to avoid re-running this script phase.\necho \"SUCCESS\" > \"${SCRIPT_OUTPUT_FILE_0}\"\n";
			showEnvVarsInLog = 0;
		};
		E47AD12A1E2B6480CF89FBE3 /* [CP] Embed Pods Frameworks */ = {
			isa = PBXShellScriptBuildPhase;
			buildActionMask = 2147483647;
			files = (
			);
			inputFileListPaths = (
				"${PODS_ROOT}/Target Support Files/Pods-MoviesApp-MoviesAppUITests/Pods-MoviesApp-MoviesAppUITests-frameworks-${CONFIGURATION}-input-files.xcfilelist",
			);
			name = "[CP] Embed Pods Frameworks";
			outputFileListPaths = (
				"${PODS_ROOT}/Target Support Files/Pods-MoviesApp-MoviesAppUITests/Pods-MoviesApp-MoviesAppUITests-frameworks-${CONFIGURATION}-output-files.xcfilelist",
			);
			runOnlyForDeploymentPostprocessing = 0;
			shellPath = /bin/sh;
			shellScript = "\"${PODS_ROOT}/Target Support Files/Pods-MoviesApp-MoviesAppUITests/Pods-MoviesApp-MoviesAppUITests-frameworks.sh\"\n";
			showEnvVarsInLog = 0;
		};
/* End PBXShellScriptBuildPhase section */

/* Begin PBXSourcesBuildPhase section */
		496CE1BB26D12FFA004796A8 /* Sources */ = {
			isa = PBXSourcesBuildPhase;
			buildActionMask = 2147483647;
			files = (
				496CE24926D13E3A004796A8 /* MoviesDBRepository.swift in Sources */,
				496CE23526D13C16004796A8 /* MovieModel.swift in Sources */,
				496CE21826D1390E004796A8 /* CoreDataStack.swift in Sources */,
				496CE23326D13BF4004796A8 /* MoviesListWebModel.swift in Sources */,
				496CE23126D13B9B004796A8 /* SubscribersCompletionError.swift in Sources */,
				496CE21A26D13935004796A8 /* Movie+FetchRequest.swift in Sources */,
				496CE21626D138A2004796A8 /* MovieModel.xcdatamodeld in Sources */,
				496CE1C326D12FFA004796A8 /* MoviesApp.swift in Sources */,
				496CE24226D13D90004796A8 /* Constants.swift in Sources */,
			);
			runOnlyForDeploymentPostprocessing = 0;
		};
		496CE1D626D1332B004796A8 /* Sources */ = {
			isa = PBXSourcesBuildPhase;
			buildActionMask = 2147483647;
			files = (
				496CE24B26D13E6C004796A8 /* MoviesDBRepositoryTests.swift in Sources */,
				496CE23826D13C8B004796A8 /* MockedMovie.swift in Sources */,
				496CE23A26D13CA1004796A8 /* MockedMovie+ImageData.swift in Sources */,
				496CE22826D13AB5004796A8 /* MockedError.swift in Sources */,
				496CE22C26D13AD7004796A8 /* MockedBindingWithPublisher.swift in Sources */,
				496CE24626D13E12004796A8 /* ConstantsTests.swift in Sources */,
				496CE22E26D13AE7004796A8 /* Mock.swift in Sources */,
				496CE22A26D13AC5004796A8 /* Publisher+Publish.swift in Sources */,
				496CE22326D13A62004796A8 /* CoreDataStackTests.swift in Sources */,
				496CE22626D13A7F004796A8 /* MockedPersistentStore.swift in Sources */,
			);
			runOnlyForDeploymentPostprocessing = 0;
		};
		496CE1E426D1333C004796A8 /* Sources */ = {
			isa = PBXSourcesBuildPhase;
			buildActionMask = 2147483647;
			files = (
				496CE1EB26D1333C004796A8 /* MoviesPerformanceTests.swift in Sources */,
			);
			runOnlyForDeploymentPostprocessing = 0;
		};
		496CE1F226D1334A004796A8 /* Sources */ = {
			isa = PBXSourcesBuildPhase;
			buildActionMask = 2147483647;
			files = (
				496CE1F926D1334A004796A8 /* MoviesAppLaunchPerformance.swift in Sources */,
			);
			runOnlyForDeploymentPostprocessing = 0;
		};
/* End PBXSourcesBuildPhase section */

/* Begin PBXTargetDependency section */
		496CE1E026D1332B004796A8 /* PBXTargetDependency */ = {
			isa = PBXTargetDependency;
			target = 496CE1BE26D12FFA004796A8 /* MoviesApp */;
			targetProxy = 496CE1DF26D1332B004796A8 /* PBXContainerItemProxy */;
		};
		496CE1EE26D1333C004796A8 /* PBXTargetDependency */ = {
			isa = PBXTargetDependency;
			target = 496CE1BE26D12FFA004796A8 /* MoviesApp */;
			targetProxy = 496CE1ED26D1333C004796A8 /* PBXContainerItemProxy */;
		};
		496CE1FC26D1334A004796A8 /* PBXTargetDependency */ = {
			isa = PBXTargetDependency;
			target = 496CE1BE26D12FFA004796A8 /* MoviesApp */;
			targetProxy = 496CE1FB26D1334A004796A8 /* PBXContainerItemProxy */;
		};
/* End PBXTargetDependency section */

/* Begin XCBuildConfiguration section */
		496CE1CC26D12FFD004796A8 /* Debug */ = {
			isa = XCBuildConfiguration;
			buildSettings = {
				ALWAYS_SEARCH_USER_PATHS = NO;
				CLANG_ANALYZER_NONNULL = YES;
				CLANG_ANALYZER_NUMBER_OBJECT_CONVERSION = YES_AGGRESSIVE;
				CLANG_CXX_LANGUAGE_STANDARD = "gnu++14";
				CLANG_CXX_LIBRARY = "libc++";
				CLANG_ENABLE_MODULES = YES;
				CLANG_ENABLE_OBJC_ARC = YES;
				CLANG_ENABLE_OBJC_WEAK = YES;
				CLANG_WARN_BLOCK_CAPTURE_AUTORELEASING = YES;
				CLANG_WARN_BOOL_CONVERSION = YES;
				CLANG_WARN_COMMA = YES;
				CLANG_WARN_CONSTANT_CONVERSION = YES;
				CLANG_WARN_DEPRECATED_OBJC_IMPLEMENTATIONS = YES;
				CLANG_WARN_DIRECT_OBJC_ISA_USAGE = YES_ERROR;
				CLANG_WARN_DOCUMENTATION_COMMENTS = YES;
				CLANG_WARN_EMPTY_BODY = YES;
				CLANG_WARN_ENUM_CONVERSION = YES;
				CLANG_WARN_INFINITE_RECURSION = YES;
				CLANG_WARN_INT_CONVERSION = YES;
				CLANG_WARN_NON_LITERAL_NULL_CONVERSION = YES;
				CLANG_WARN_OBJC_IMPLICIT_RETAIN_SELF = YES;
				CLANG_WARN_OBJC_LITERAL_CONVERSION = YES;
				CLANG_WARN_OBJC_ROOT_CLASS = YES_ERROR;
				CLANG_WARN_QUOTED_INCLUDE_IN_FRAMEWORK_HEADER = YES;
				CLANG_WARN_RANGE_LOOP_ANALYSIS = YES;
				CLANG_WARN_STRICT_PROTOTYPES = YES;
				CLANG_WARN_SUSPICIOUS_MOVE = YES;
				CLANG_WARN_UNGUARDED_AVAILABILITY = YES_AGGRESSIVE;
				CLANG_WARN_UNREACHABLE_CODE = YES;
				CLANG_WARN__DUPLICATE_METHOD_MATCH = YES;
				COPY_PHASE_STRIP = NO;
				DEBUG_INFORMATION_FORMAT = dwarf;
				ENABLE_STRICT_OBJC_MSGSEND = YES;
				ENABLE_TESTABILITY = YES;
				GCC_C_LANGUAGE_STANDARD = gnu11;
				GCC_DYNAMIC_NO_PIC = NO;
				GCC_NO_COMMON_BLOCKS = YES;
				GCC_OPTIMIZATION_LEVEL = 0;
				GCC_PREPROCESSOR_DEFINITIONS = (
					"DEBUG=1",
					"$(inherited)",
				);
				GCC_WARN_64_TO_32_BIT_CONVERSION = YES;
				GCC_WARN_ABOUT_RETURN_TYPE = YES_ERROR;
				GCC_WARN_UNDECLARED_SELECTOR = YES;
				GCC_WARN_UNINITIALIZED_AUTOS = YES_AGGRESSIVE;
				GCC_WARN_UNUSED_FUNCTION = YES;
				GCC_WARN_UNUSED_VARIABLE = YES;
				IPHONEOS_DEPLOYMENT_TARGET = 14.5;
				MTL_ENABLE_DEBUG_INFO = INCLUDE_SOURCE;
				MTL_FAST_MATH = YES;
				ONLY_ACTIVE_ARCH = YES;
				SDKROOT = iphoneos;
				SWIFT_ACTIVE_COMPILATION_CONDITIONS = DEBUG;
				SWIFT_OPTIMIZATION_LEVEL = "-Onone";
			};
			name = Debug;
		};
		496CE1CD26D12FFD004796A8 /* Release */ = {
			isa = XCBuildConfiguration;
			buildSettings = {
				ALWAYS_SEARCH_USER_PATHS = NO;
				CLANG_ANALYZER_NONNULL = YES;
				CLANG_ANALYZER_NUMBER_OBJECT_CONVERSION = YES_AGGRESSIVE;
				CLANG_CXX_LANGUAGE_STANDARD = "gnu++14";
				CLANG_CXX_LIBRARY = "libc++";
				CLANG_ENABLE_MODULES = YES;
				CLANG_ENABLE_OBJC_ARC = YES;
				CLANG_ENABLE_OBJC_WEAK = YES;
				CLANG_WARN_BLOCK_CAPTURE_AUTORELEASING = YES;
				CLANG_WARN_BOOL_CONVERSION = YES;
				CLANG_WARN_COMMA = YES;
				CLANG_WARN_CONSTANT_CONVERSION = YES;
				CLANG_WARN_DEPRECATED_OBJC_IMPLEMENTATIONS = YES;
				CLANG_WARN_DIRECT_OBJC_ISA_USAGE = YES_ERROR;
				CLANG_WARN_DOCUMENTATION_COMMENTS = YES;
				CLANG_WARN_EMPTY_BODY = YES;
				CLANG_WARN_ENUM_CONVERSION = YES;
				CLANG_WARN_INFINITE_RECURSION = YES;
				CLANG_WARN_INT_CONVERSION = YES;
				CLANG_WARN_NON_LITERAL_NULL_CONVERSION = YES;
				CLANG_WARN_OBJC_IMPLICIT_RETAIN_SELF = YES;
				CLANG_WARN_OBJC_LITERAL_CONVERSION = YES;
				CLANG_WARN_OBJC_ROOT_CLASS = YES_ERROR;
				CLANG_WARN_QUOTED_INCLUDE_IN_FRAMEWORK_HEADER = YES;
				CLANG_WARN_RANGE_LOOP_ANALYSIS = YES;
				CLANG_WARN_STRICT_PROTOTYPES = YES;
				CLANG_WARN_SUSPICIOUS_MOVE = YES;
				CLANG_WARN_UNGUARDED_AVAILABILITY = YES_AGGRESSIVE;
				CLANG_WARN_UNREACHABLE_CODE = YES;
				CLANG_WARN__DUPLICATE_METHOD_MATCH = YES;
				COPY_PHASE_STRIP = NO;
				DEBUG_INFORMATION_FORMAT = "dwarf-with-dsym";
				ENABLE_NS_ASSERTIONS = NO;
				ENABLE_STRICT_OBJC_MSGSEND = YES;
				GCC_C_LANGUAGE_STANDARD = gnu11;
				GCC_NO_COMMON_BLOCKS = YES;
				GCC_WARN_64_TO_32_BIT_CONVERSION = YES;
				GCC_WARN_ABOUT_RETURN_TYPE = YES_ERROR;
				GCC_WARN_UNDECLARED_SELECTOR = YES;
				GCC_WARN_UNINITIALIZED_AUTOS = YES_AGGRESSIVE;
				GCC_WARN_UNUSED_FUNCTION = YES;
				GCC_WARN_UNUSED_VARIABLE = YES;
				IPHONEOS_DEPLOYMENT_TARGET = 14.5;
				MTL_ENABLE_DEBUG_INFO = NO;
				MTL_FAST_MATH = YES;
				SDKROOT = iphoneos;
				SWIFT_COMPILATION_MODE = wholemodule;
				SWIFT_OPTIMIZATION_LEVEL = "-O";
				VALIDATE_PRODUCT = YES;
			};
			name = Release;
		};
		496CE1CF26D12FFD004796A8 /* Debug */ = {
			isa = XCBuildConfiguration;
			baseConfigurationReference = 82D8241246BEA284B431CFAB /* Pods-MoviesApp.debug.xcconfig */;
			buildSettings = {
				ASSETCATALOG_COMPILER_APPICON_NAME = AppIcon;
				ASSETCATALOG_COMPILER_GLOBAL_ACCENT_COLOR_NAME = AccentColor;
				CODE_SIGN_STYLE = Automatic;
				DEVELOPMENT_ASSET_PATHS = "\"MoviesApp/System/Resources/Preview Content\"";
				DEVELOPMENT_TEAM = 436RW8NBRZ;
				ENABLE_PREVIEWS = YES;
				INFOPLIST_FILE = MoviesApp/System/Resources/Info.plist;
				IPHONEOS_DEPLOYMENT_TARGET = 14.0;
				LD_RUNPATH_SEARCH_PATHS = (
					"$(inherited)",
					"@executable_path/Frameworks",
				);
				PRODUCT_BUNDLE_IDENTIFIER = com.lior.MoviesApp;
				PRODUCT_NAME = "$(TARGET_NAME)";
				SWIFT_VERSION = 5.0;
				TARGETED_DEVICE_FAMILY = "1,2";
			};
			name = Debug;
		};
		496CE1D026D12FFD004796A8 /* Release */ = {
			isa = XCBuildConfiguration;
			baseConfigurationReference = DE0AA29C89B58676188C265B /* Pods-MoviesApp.release.xcconfig */;
			buildSettings = {
				ASSETCATALOG_COMPILER_APPICON_NAME = AppIcon;
				ASSETCATALOG_COMPILER_GLOBAL_ACCENT_COLOR_NAME = AccentColor;
				CODE_SIGN_STYLE = Automatic;
				DEVELOPMENT_ASSET_PATHS = "\"MoviesApp/System/Resources/Preview Content\"";
				DEVELOPMENT_TEAM = 436RW8NBRZ;
				ENABLE_PREVIEWS = YES;
				INFOPLIST_FILE = MoviesApp/System/Resources/Info.plist;
				IPHONEOS_DEPLOYMENT_TARGET = 14.0;
				LD_RUNPATH_SEARCH_PATHS = (
					"$(inherited)",
					"@executable_path/Frameworks",
				);
				PRODUCT_BUNDLE_IDENTIFIER = com.lior.MoviesApp;
				PRODUCT_NAME = "$(TARGET_NAME)";
				SWIFT_VERSION = 5.0;
				TARGETED_DEVICE_FAMILY = "1,2";
			};
			name = Release;
		};
		496CE1E226D1332B004796A8 /* Debug */ = {
			isa = XCBuildConfiguration;
			baseConfigurationReference = 77CCFBF6817279146A3BDA25 /* Pods-MoviesAppTests.debug.xcconfig */;
			buildSettings = {
				BUNDLE_LOADER = "$(TEST_HOST)";
				CODE_SIGN_STYLE = Automatic;
				DEVELOPMENT_TEAM = 436RW8NBRZ;
				INFOPLIST_FILE = MoviesAppTests/Info.plist;
				LD_RUNPATH_SEARCH_PATHS = (
					"$(inherited)",
					"@executable_path/Frameworks",
					"@loader_path/Frameworks",
				);
				PRODUCT_BUNDLE_IDENTIFIER = com.lior.MoviesAppTests;
				PRODUCT_NAME = "$(TARGET_NAME)";
				SWIFT_VERSION = 5.0;
				TARGETED_DEVICE_FAMILY = "1,2";
				TEST_HOST = "$(BUILT_PRODUCTS_DIR)/MoviesApp.app/MoviesApp";
			};
			name = Debug;
		};
		496CE1E326D1332B004796A8 /* Release */ = {
			isa = XCBuildConfiguration;
			baseConfigurationReference = 73BA0B6D11C6B5525E7476D7 /* Pods-MoviesAppTests.release.xcconfig */;
			buildSettings = {
				BUNDLE_LOADER = "$(TEST_HOST)";
				CODE_SIGN_STYLE = Automatic;
				DEVELOPMENT_TEAM = 436RW8NBRZ;
				INFOPLIST_FILE = MoviesAppTests/Info.plist;
				LD_RUNPATH_SEARCH_PATHS = (
					"$(inherited)",
					"@executable_path/Frameworks",
					"@loader_path/Frameworks",
				);
				PRODUCT_BUNDLE_IDENTIFIER = com.lior.MoviesAppTests;
				PRODUCT_NAME = "$(TARGET_NAME)";
				SWIFT_VERSION = 5.0;
				TARGETED_DEVICE_FAMILY = "1,2";
				TEST_HOST = "$(BUILT_PRODUCTS_DIR)/MoviesApp.app/MoviesApp";
			};
			name = Release;
		};
		496CE1F026D1333C004796A8 /* Debug */ = {
			isa = XCBuildConfiguration;
			baseConfigurationReference = B0E97A0C65EFD28FD130D656 /* Pods-MoviesAppPerformanceTests.debug.xcconfig */;
			buildSettings = {
				BUNDLE_LOADER = "$(TEST_HOST)";
				CODE_SIGN_STYLE = Automatic;
				DEVELOPMENT_TEAM = 436RW8NBRZ;
				INFOPLIST_FILE = MoviesAppPerformanceTests/Info.plist;
				LD_RUNPATH_SEARCH_PATHS = (
					"$(inherited)",
					"@executable_path/Frameworks",
					"@loader_path/Frameworks",
				);
				PRODUCT_BUNDLE_IDENTIFIER = com.lior.MoviesPerformanceTests;
				PRODUCT_NAME = "$(TARGET_NAME)";
				SWIFT_VERSION = 5.0;
				TARGETED_DEVICE_FAMILY = "1,2";
				TEST_HOST = "$(BUILT_PRODUCTS_DIR)/MoviesApp.app/MoviesApp";
			};
			name = Debug;
		};
		496CE1F126D1333C004796A8 /* Release */ = {
			isa = XCBuildConfiguration;
			baseConfigurationReference = BAAFAF0C648BDDF56FAB9A17 /* Pods-MoviesAppPerformanceTests.release.xcconfig */;
			buildSettings = {
				BUNDLE_LOADER = "$(TEST_HOST)";
				CODE_SIGN_STYLE = Automatic;
				DEVELOPMENT_TEAM = 436RW8NBRZ;
				INFOPLIST_FILE = MoviesAppPerformanceTests/Info.plist;
				LD_RUNPATH_SEARCH_PATHS = (
					"$(inherited)",
					"@executable_path/Frameworks",
					"@loader_path/Frameworks",
				);
				PRODUCT_BUNDLE_IDENTIFIER = com.lior.MoviesPerformanceTests;
				PRODUCT_NAME = "$(TARGET_NAME)";
				SWIFT_VERSION = 5.0;
				TARGETED_DEVICE_FAMILY = "1,2";
				TEST_HOST = "$(BUILT_PRODUCTS_DIR)/MoviesApp.app/MoviesApp";
			};
			name = Release;
		};
		496CE1FE26D1334A004796A8 /* Debug */ = {
			isa = XCBuildConfiguration;
			baseConfigurationReference = 068EB78562A6956F2388E844 /* Pods-MoviesApp-MoviesAppUITests.debug.xcconfig */;
			buildSettings = {
				CODE_SIGN_STYLE = Automatic;
				DEVELOPMENT_TEAM = 436RW8NBRZ;
				INFOPLIST_FILE = MoviesAppUITests/Info.plist;
				LD_RUNPATH_SEARCH_PATHS = (
					"$(inherited)",
					"@executable_path/Frameworks",
					"@loader_path/Frameworks",
				);
				PRODUCT_BUNDLE_IDENTIFIER = com.lior.MoviesUITests;
				PRODUCT_NAME = "$(TARGET_NAME)";
				SWIFT_VERSION = 5.0;
				TARGETED_DEVICE_FAMILY = "1,2";
				TEST_TARGET_NAME = MoviesApp;
			};
			name = Debug;
		};
		496CE1FF26D1334A004796A8 /* Release */ = {
			isa = XCBuildConfiguration;
			baseConfigurationReference = 3BB419CE69236783FC2334DC /* Pods-MoviesApp-MoviesAppUITests.release.xcconfig */;
			buildSettings = {
				CODE_SIGN_STYLE = Automatic;
				DEVELOPMENT_TEAM = 436RW8NBRZ;
				INFOPLIST_FILE = MoviesAppUITests/Info.plist;
				LD_RUNPATH_SEARCH_PATHS = (
					"$(inherited)",
					"@executable_path/Frameworks",
					"@loader_path/Frameworks",
				);
				PRODUCT_BUNDLE_IDENTIFIER = com.lior.MoviesUITests;
				PRODUCT_NAME = "$(TARGET_NAME)";
				SWIFT_VERSION = 5.0;
				TARGETED_DEVICE_FAMILY = "1,2";
				TEST_TARGET_NAME = MoviesApp;
			};
			name = Release;
		};
/* End XCBuildConfiguration section */

/* Begin XCConfigurationList section */
		496CE1BA26D12FFA004796A8 /* Build configuration list for PBXProject "MoviesApp" */ = {
			isa = XCConfigurationList;
			buildConfigurations = (
				496CE1CC26D12FFD004796A8 /* Debug */,
				496CE1CD26D12FFD004796A8 /* Release */,
			);
			defaultConfigurationIsVisible = 0;
			defaultConfigurationName = Release;
		};
		496CE1CE26D12FFD004796A8 /* Build configuration list for PBXNativeTarget "MoviesApp" */ = {
			isa = XCConfigurationList;
			buildConfigurations = (
				496CE1CF26D12FFD004796A8 /* Debug */,
				496CE1D026D12FFD004796A8 /* Release */,
			);
			defaultConfigurationIsVisible = 0;
			defaultConfigurationName = Release;
		};
		496CE1E126D1332B004796A8 /* Build configuration list for PBXNativeTarget "MoviesAppTests" */ = {
			isa = XCConfigurationList;
			buildConfigurations = (
				496CE1E226D1332B004796A8 /* Debug */,
				496CE1E326D1332B004796A8 /* Release */,
			);
			defaultConfigurationIsVisible = 0;
			defaultConfigurationName = Release;
		};
		496CE1EF26D1333C004796A8 /* Build configuration list for PBXNativeTarget "MoviesAppPerformanceTests" */ = {
			isa = XCConfigurationList;
			buildConfigurations = (
				496CE1F026D1333C004796A8 /* Debug */,
				496CE1F126D1333C004796A8 /* Release */,
			);
			defaultConfigurationIsVisible = 0;
			defaultConfigurationName = Release;
		};
		496CE1FD26D1334A004796A8 /* Build configuration list for PBXNativeTarget "MoviesAppUITests" */ = {
			isa = XCConfigurationList;
			buildConfigurations = (
				496CE1FE26D1334A004796A8 /* Debug */,
				496CE1FF26D1334A004796A8 /* Release */,
			);
			defaultConfigurationIsVisible = 0;
			defaultConfigurationName = Release;
		};
/* End XCConfigurationList section */

/* Begin XCVersionGroup section */
		496CE21426D138A2004796A8 /* MovieModel.xcdatamodeld */ = {
			isa = XCVersionGroup;
			children = (
				496CE21526D138A2004796A8 /* MovieModel.xcdatamodel */,
			);
			currentVersion = 496CE21526D138A2004796A8 /* MovieModel.xcdatamodel */;
			path = MovieModel.xcdatamodeld;
			sourceTree = "<group>";
			versionGroupType = wrapper.xcdatamodel;
		};
/* End XCVersionGroup section */
	};
	rootObject = 496CE1B726D12FFA004796A8 /* Project object */;
}
